
Microsoft Visual Studio Solution File, Format Version 12.00
# Visual Studio 15
VisualStudioVersion = 15.0.27703.2018
MinimumVisualStudioVersion = 10.0.40219.1
Project("{FAE04EC0-301F-11D3-BF4B-00C04F79EFBC}") = "VRC_Panorama_TCP_Repeater", "VRC_Panorama_TCP_Repeater\VRC_Panorama_TCP_Repeater.csproj", "{54EF7090-560E-4ED0-BB88-9EB067E2F14A}"
EndProject
Global
	GlobalSection(SolutionConfigurationPlatforms) = preSolution
		Debug|Any CPU = Debug|Any CPU
		Release|Any CPU = Release|Any CPU
	EndGlobalSection
	GlobalSection(ProjectConfigurationPlatforms) = postSolution
		{54EF7090-560E-4ED0-BB88-9EB067E2F14A}.Debug|Any CPU.ActiveCfg = Debug|Any CPU
		{54EF7090-560E-4ED0-BB88-9EB067E2F14A}.Debug|Any CPU.Build.0 = Debug|Any CPU
		{54EF7090-560E-4ED0-BB88-9EB067E2F14A}.Release|Any CPU.ActiveCfg = Release|Any CPU
		{54EF7090-560E-4ED0-BB88-9EB067E2F14A}.Release|Any CPU.Build.0 = Release|Any CPU
	EndGlobalSection
	GlobalSection(SolutionProperties) = preSolution
		HideSolutionNode = FALSE
	EndGlobalSection
	GlobalSection(ExtensibilityGlobals) = postSolution
		SolutionGuid = {58BB9903-3391-4D22-97B7-FD7A9BD56B93}
	EndGlobalSection
EndGlobal
